
Microsoft Visual Studio Solution File, Format Version 12.00
# Visual Studio 15
VisualStudioVersion = 15.0.27004.2008
MinimumVisualStudioVersion = 10.0.40219.1
Project("{2150E333-8FDC-42A3-9474-1A3956D46DE8}") = "src", "src", "{D2197FE5-CC4B-4A57-81C7-9042A3CF740D}"
EndProject
Project("{2150E333-8FDC-42A3-9474-1A3956D46DE8}") = "specs", "specs", "{FD20B4A5-CA5C-49CE-B96E-61AD79E7ED1D}"
EndProject
Project("{9A19103F-16F7-4668-BE54-9A1E7A4F7556}") = "DFlow.Budget", "src\DFlow.Budget\DFlow.Budget.csproj", "{ABE76E84-64A4-49C8-88E6-39C347B55B63}"
EndProject
Project("{2150E333-8FDC-42A3-9474-1A3956D46DE8}") = "lib", "lib", "{3BFBF03D-1E2C-4117-8304-8E1061A971A8}"
EndProject
Project("{9A19103F-16F7-4668-BE54-9A1E7A4F7556}") = "Domion", "lib\Domion\Domion.csproj", "{D291B7FC-5828-4CE5-BFB7-F16F19C736AE}"
EndProject
Project("{2150E333-8FDC-42A3-9474-1A3956D46DE8}") = "scripts", "scripts", "{883AA1DC-A995-4608-9D26-E7BED3ACECD3}"
	ProjectSection(SolutionItems) = preProject
		scripts\add-migration.cmd = scripts\add-migration.cmd
	EndProjectSection
EndProject
Project("{9A19103F-16F7-4668-BE54-9A1E7A4F7556}") = "DFlow.Cli", "src\DFlow.Cli\DFlow.Cli.csproj", "{D460B0A0-5A2F-4C39-B2A9-32BD8D91038E}"
EndProject
Project("{2150E333-8FDC-42A3-9474-1A3956D46DE8}") = "Solution Items", "Solution Items", "{2D88F8AA-C762-450A-B52F-E76842B24BD1}"
	ProjectSection(SolutionItems) = preProject
		.editorconfig = .editorconfig
	EndProjectSection
EndProject
Project("{FAE04EC0-301F-11D3-BF4B-00C04F79EFBC}") = "DFlow.Budget.Specs", "specs\DFlow.Budget.Specs\DFlow.Budget.Specs.csproj", "{94DE7F8D-0954-404D-9AD7-18AE322EE979}"
EndProject
Project("{9A19103F-16F7-4668-BE54-9A1E7A4F7556}") = "Domion.Testing", "lib\Domion.Testing\Domion.Testing.csproj", "{919E90D8-CEF5-42D8-BE37-5A6767FDF349}"
EndProject
Project("{FAE04EC0-301F-11D3-BF4B-00C04F79EFBC}") = "Domion.Lib", "lib\Domion.Lib\Domion.Lib.csproj", "{BC2D2D95-638E-4A60-BAED-7A0352E33819}"
EndProject
Global
	GlobalSection(SolutionConfigurationPlatforms) = preSolution
		Debug|Any CPU = Debug|Any CPU
		Release|Any CPU = Release|Any CPU
	EndGlobalSection
	GlobalSection(ProjectConfigurationPlatforms) = postSolution
		{ABE76E84-64A4-49C8-88E6-39C347B55B63}.Debug|Any CPU.ActiveCfg = Debug|Any CPU
		{ABE76E84-64A4-49C8-88E6-39C347B55B63}.Debug|Any CPU.Build.0 = Debug|Any CPU
		{ABE76E84-64A4-49C8-88E6-39C347B55B63}.Release|Any CPU.ActiveCfg = Release|Any CPU
		{ABE76E84-64A4-49C8-88E6-39C347B55B63}.Release|Any CPU.Build.0 = Release|Any CPU
		{D291B7FC-5828-4CE5-BFB7-F16F19C736AE}.Debug|Any CPU.ActiveCfg = Debug|Any CPU
		{D291B7FC-5828-4CE5-BFB7-F16F19C736AE}.Debug|Any CPU.Build.0 = Debug|Any CPU
		{D291B7FC-5828-4CE5-BFB7-F16F19C736AE}.Release|Any CPU.ActiveCfg = Release|Any CPU
		{D291B7FC-5828-4CE5-BFB7-F16F19C736AE}.Release|Any CPU.Build.0 = Release|Any CPU
		{D460B0A0-5A2F-4C39-B2A9-32BD8D91038E}.Debug|Any CPU.ActiveCfg = Debug|Any CPU
		{D460B0A0-5A2F-4C39-B2A9-32BD8D91038E}.Debug|Any CPU.Build.0 = Debug|Any CPU
		{D460B0A0-5A2F-4C39-B2A9-32BD8D91038E}.Release|Any CPU.ActiveCfg = Release|Any CPU
		{D460B0A0-5A2F-4C39-B2A9-32BD8D91038E}.Release|Any CPU.Build.0 = Release|Any CPU
		{94DE7F8D-0954-404D-9AD7-18AE322EE979}.Debug|Any CPU.ActiveCfg = Debug|Any CPU
		{94DE7F8D-0954-404D-9AD7-18AE322EE979}.Debug|Any CPU.Build.0 = Debug|Any CPU
		{94DE7F8D-0954-404D-9AD7-18AE322EE979}.Release|Any CPU.ActiveCfg = Release|Any CPU
		{94DE7F8D-0954-404D-9AD7-18AE322EE979}.Release|Any CPU.Build.0 = Release|Any CPU
		{919E90D8-CEF5-42D8-BE37-5A6767FDF349}.Debug|Any CPU.ActiveCfg = Debug|Any CPU
		{919E90D8-CEF5-42D8-BE37-5A6767FDF349}.Debug|Any CPU.Build.0 = Debug|Any CPU
		{919E90D8-CEF5-42D8-BE37-5A6767FDF349}.Release|Any CPU.ActiveCfg = Release|Any CPU
		{919E90D8-CEF5-42D8-BE37-5A6767FDF349}.Release|Any CPU.Build.0 = Release|Any CPU
		{BC2D2D95-638E-4A60-BAED-7A0352E33819}.Debug|Any CPU.ActiveCfg = Debug|Any CPU
		{BC2D2D95-638E-4A60-BAED-7A0352E33819}.Debug|Any CPU.Build.0 = Debug|Any CPU
		{BC2D2D95-638E-4A60-BAED-7A0352E33819}.Release|Any CPU.ActiveCfg = Release|Any CPU
		{BC2D2D95-638E-4A60-BAED-7A0352E33819}.Release|Any CPU.Build.0 = Release|Any CPU
	EndGlobalSection
	GlobalSection(SolutionProperties) = preSolution
		HideSolutionNode = FALSE
	EndGlobalSection
	GlobalSection(NestedProjects) = preSolution
		{ABE76E84-64A4-49C8-88E6-39C347B55B63} = {D2197FE5-CC4B-4A57-81C7-9042A3CF740D}
		{D291B7FC-5828-4CE5-BFB7-F16F19C736AE} = {3BFBF03D-1E2C-4117-8304-8E1061A971A8}
		{D460B0A0-5A2F-4C39-B2A9-32BD8D91038E} = {D2197FE5-CC4B-4A57-81C7-9042A3CF740D}
		{94DE7F8D-0954-404D-9AD7-18AE322EE979} = {FD20B4A5-CA5C-49CE-B96E-61AD79E7ED1D}
		{919E90D8-CEF5-42D8-BE37-5A6767FDF349} = {3BFBF03D-1E2C-4117-8304-8E1061A971A8}
		{BC2D2D95-638E-4A60-BAED-7A0352E33819} = {3BFBF03D-1E2C-4117-8304-8E1061A971A8}
	EndGlobalSection
	GlobalSection(ExtensibilityGlobals) = postSolution
		SolutionGuid = {C5B9DC99-F0E5-4890-95B5-AE6720FCD706}
	EndGlobalSection
EndGlobal
